
Microsoft Visual Studio Solution File, Format Version 12.00
# Visual Studio Version 17
VisualStudioVersion = 17.10.34928.147
MinimumVisualStudioVersion = 10.0.40219.1
Project("{9A19103F-16F7-4668-BE54-9A1E7A4F7556}") = "EpidemiologicalAPI", "EpidemiologicalAPI\EpidemiologicalAPI.csproj", "{3CC4106D-CB0F-4CBB-AF19-F1C676B4E488}"
EndProject
Project("{FAE04EC0-301F-11D3-BF4B-00C04F79EFBC}") = "Epidemiological.DAL", "Epidemiological.DAL\Epidemiological.DAL.csproj", "{F074F257-D3CF-486A-939B-FF57358839ED}"
EndProject
Project("{FAE04EC0-301F-11D3-BF4B-00C04F79EFBC}") = "EpidemiologicalApp.Test", "EpidemiologicalApp.Test\EpidemiologicalApp.Test.csproj", "{AD8C68EF-80D1-4C4B-A3A5-4BC92E5A37BD}"
EndProject
Global
	GlobalSection(SolutionConfigurationPlatforms) = preSolution
		Debug|Any CPU = Debug|Any CPU
		Release|Any CPU = Release|Any CPU
	EndGlobalSection
	GlobalSection(ProjectConfigurationPlatforms) = postSolution
		{3CC4106D-CB0F-4CBB-AF19-F1C676B4E488}.Debug|Any CPU.ActiveCfg = Debug|Any CPU
		{3CC4106D-CB0F-4CBB-AF19-F1C676B4E488}.Debug|Any CPU.Build.0 = Debug|Any CPU
		{3CC4106D-CB0F-4CBB-AF19-F1C676B4E488}.Release|Any CPU.ActiveCfg = Release|Any CPU
		{3CC4106D-CB0F-4CBB-AF19-F1C676B4E488}.Release|Any CPU.Build.0 = Release|Any CPU
		{F074F257-D3CF-486A-939B-FF57358839ED}.Debug|Any CPU.ActiveCfg = Debug|Any CPU
		{F074F257-D3CF-486A-939B-FF57358839ED}.Debug|Any CPU.Build.0 = Debug|Any CPU
		{F074F257-D3CF-486A-939B-FF57358839ED}.Release|Any CPU.ActiveCfg = Release|Any CPU
		{F074F257-D3CF-486A-939B-FF57358839ED}.Release|Any CPU.Build.0 = Release|Any CPU
		{AD8C68EF-80D1-4C4B-A3A5-4BC92E5A37BD}.Debug|Any CPU.ActiveCfg = Debug|Any CPU
		{AD8C68EF-80D1-4C4B-A3A5-4BC92E5A37BD}.Debug|Any CPU.Build.0 = Debug|Any CPU
		{AD8C68EF-80D1-4C4B-A3A5-4BC92E5A37BD}.Release|Any CPU.ActiveCfg = Release|Any CPU
		{AD8C68EF-80D1-4C4B-A3A5-4BC92E5A37BD}.Release|Any CPU.Build.0 = Release|Any CPU
	EndGlobalSection
	GlobalSection(SolutionProperties) = preSolution
		HideSolutionNode = FALSE
	EndGlobalSection
	GlobalSection(ExtensibilityGlobals) = postSolution
		SolutionGuid = {6898FD70-9E8E-4261-9EC7-403D49E4065A}
	EndGlobalSection
EndGlobal
